
Microsoft Visual Studio Solution File, Format Version 12.00
# Visual Studio Version 16
VisualStudioVersion = 16.0.29230.47
MinimumVisualStudioVersion = 10.0.40219.1
Project("{FAE04EC0-301F-11D3-BF4B-00C04F79EFBC}") = "Project3", "Project3.csproj", "{ED0797A8-43AC-4272-88D7-BD821357403F}"
EndProject
Global
	GlobalSection(SolutionConfigurationPlatforms) = preSolution
		Debug|Any CPU = Debug|Any CPU
		Release|Any CPU = Release|Any CPU
	EndGlobalSection
	GlobalSection(ProjectConfigurationPlatforms) = postSolution
		{ED0797A8-43AC-4272-88D7-BD821357403F}.Debug|Any CPU.ActiveCfg = Debug|Any CPU
		{ED0797A8-43AC-4272-88D7-BD821357403F}.Debug|Any CPU.Build.0 = Debug|Any CPU
		{ED0797A8-43AC-4272-88D7-BD821357403F}.Release|Any CPU.ActiveCfg = Release|Any CPU
		{ED0797A8-43AC-4272-88D7-BD821357403F}.Release|Any CPU.Build.0 = Release|Any CPU
	EndGlobalSection
	GlobalSection(SolutionProperties) = preSolution
		HideSolutionNode = FALSE
	EndGlobalSection
	GlobalSection(ExtensibilityGlobals) = postSolution
		SolutionGuid = {4C998A2D-259B-4788-89A8-B27223BA19F2}
	EndGlobalSection
EndGlobal
